
Microsoft Visual Studio Solution File, Format Version 12.00
# Visual Studio 15
VisualStudioVersion = 15.0.28307.779
MinimumVisualStudioVersion = 10.0.40219.1
Project("{FAE04EC0-301F-11D3-BF4B-00C04F79EFBC}") = "myWindowsFormsApp", "myWindowsFormsApp\myWindowsFormsApp.csproj", "{4AEC0FBA-B527-4963-BFE6-A3FD93E92FE6}"
EndProject
Global
	GlobalSection(SolutionConfigurationPlatforms) = preSolution
		Debug|Any CPU = Debug|Any CPU
		Release|Any CPU = Release|Any CPU
	EndGlobalSection
	GlobalSection(ProjectConfigurationPlatforms) = postSolution
		{4AEC0FBA-B527-4963-BFE6-A3FD93E92FE6}.Debug|Any CPU.ActiveCfg = Debug|Any CPU
		{4AEC0FBA-B527-4963-BFE6-A3FD93E92FE6}.Debug|Any CPU.Build.0 = Debug|Any CPU
		{4AEC0FBA-B527-4963-BFE6-A3FD93E92FE6}.Release|Any CPU.ActiveCfg = Release|Any CPU
		{4AEC0FBA-B527-4963-BFE6-A3FD93E92FE6}.Release|Any CPU.Build.0 = Release|Any CPU
	EndGlobalSection
	GlobalSection(SolutionProperties) = preSolution
		HideSolutionNode = FALSE
	EndGlobalSection
	GlobalSection(ExtensibilityGlobals) = postSolution
		SolutionGuid = {AA06EE86-52D9-47E5-8801-62F9C4377277}
	EndGlobalSection
EndGlobal
